{
  "name": "grain-ts-runner",
  "version": "0.3.0",
  "lockfileVersion": 3,
  "requires": true,
  "packages": {
    "": {
      "name": "grain-ts-runner",
      "version": "0.3.0",
      "bin": {
        "grain-ts-runner": "src/cli.ts"
      },
      "engines": {
        "node": ">=22"
      }
    }
  }
}
